speakeasyVersion: 1.561.0
sources:
    Latitudesh-OAS:
        sourceNamespace: latitudesh-oas
        sourceRevisionDigest: sha256:7ba9b62f2b662380a78aec3fbad72111c345d4dddab8b7f869767b5c28e60554
        sourceBlobDigest: sha256:839bd067d576a3a38b857ac01655f7997e5829a814bf4300c21184a300df420b
        tags:
            - latest
            - "2023-06-01"
targets:
    latitudesh:
        source: Latitudesh-OAS
        sourceNamespace: latitudesh-oas
        sourceRevisionDigest: sha256:7ba9b62f2b662380a78aec3fbad72111c345d4dddab8b7f869767b5c28e60554
        sourceBlobDigest: sha256:839bd067d576a3a38b857ac01655f7997e5829a814bf4300c21184a300df420b
        codeSamplesNamespace: latitudesh-oas-go-code-samples
        codeSamplesRevisionDigest: sha256:cf810215f286e6117caf38c06f718f070ccfdf76c051575917762f3ff5c7a796
workflow:
    workflowVersion: 1.0.0
    speakeasyVersion: latest
    sources:
        Latitudesh-OAS:
            inputs:
                - location: https://api.latitude.sh/api-docs/v3/swagger.json
            overlays:
                - location: .speakeasy/speakeasy-modifications-overlay.yaml
            registry:
                location: registry.speakeasyapi.dev/latitude/latitude/latitudesh-oas
        api-docs:
            inputs:
                - location: https://api.latitude.sh/api-docs/v3/swagger.json
    targets:
        latitudesh:
            target: go
            source: Latitudesh-OAS
            codeSamples:
                registry:
                    location: registry.speakeasyapi.dev/latitude/latitude/latitudesh-oas-go-code-samples
                labelOverride:
                    fixedValue: Go (SDK)
                blocking: false
