speakeasyVersion: 1.797.0
sources:
    Latitudesh-OAS:
        sourceNamespace: latitudesh-oas
        sourceRevisionDigest: sha256:be30bf2465201372bc5ef0d0a18740081158459aa23c0a4a5e189d07179c8021
        sourceBlobDigest: sha256:7252bfe94ddf449e6cbde378e402bb26f6ab5699af57ad533878290bd56e9488
        tags:
            - latest
            - "2023-06-01"
targets:
    latitudesh:
        source: Latitudesh-OAS
        sourceNamespace: latitudesh-oas
        sourceRevisionDigest: sha256:be30bf2465201372bc5ef0d0a18740081158459aa23c0a4a5e189d07179c8021
        sourceBlobDigest: sha256:7252bfe94ddf449e6cbde378e402bb26f6ab5699af57ad533878290bd56e9488
        codeSamplesNamespace: latitudesh-oas-go-code-samples
        codeSamplesRevisionDigest: sha256:3bd067d01b216435aaa4f6188bab5f666e0e5914eef5469ac007214f69058a98
workflow:
    workflowVersion: 1.0.0
    speakeasyVersion: latest
    sources:
        Latitudesh-OAS:
            inputs:
                - location: https://api.latitude.sh/api-docs/v3/swagger.json
            overlays:
                - location: .speakeasy/speakeasy-modifications-overlay.yaml
            registry:
                location: registry.speakeasyapi.dev/latitude/latitude/latitudesh-oas
        api-docs:
            inputs:
                - location: https://api.latitude.sh/api-docs/v3/swagger.json
    targets:
        latitudesh:
            target: go
            source: Latitudesh-OAS
            codeSamples:
                registry:
                    location: registry.speakeasyapi.dev/latitude/latitude/latitudesh-oas-go-code-samples
                labelOverride:
                    fixedValue: Go (SDK)
                blocking: false
