speakeasyVersion: 1.795.4
sources:
    Latitudesh-OAS:
        sourceNamespace: latitudesh-oas
        sourceRevisionDigest: sha256:3561d7d39a7add0d6bf0e10613ed382263ffd4099abb26fcd00bd06a1aad7b19
        sourceBlobDigest: sha256:f7548e8c2420fc5b67ef0cb3e52ed2289a400e241ca2dbb7f1199bba6ea1aba7
        tags:
            - latest
            - "2023-06-01"
targets:
    latitudesh:
        source: Latitudesh-OAS
        sourceNamespace: latitudesh-oas
        sourceRevisionDigest: sha256:3561d7d39a7add0d6bf0e10613ed382263ffd4099abb26fcd00bd06a1aad7b19
        sourceBlobDigest: sha256:f7548e8c2420fc5b67ef0cb3e52ed2289a400e241ca2dbb7f1199bba6ea1aba7
        codeSamplesNamespace: latitudesh-oas-go-code-samples
        codeSamplesRevisionDigest: sha256:6b85dd8cae34609815b3732324fc70ba85484f303418080ec8d34adbcc1399d3
workflow:
    workflowVersion: 1.0.0
    speakeasyVersion: latest
    sources:
        Latitudesh-OAS:
            inputs:
                - location: https://api.latitude.sh/api-docs/v3/swagger.json
            overlays:
                - location: .speakeasy/speakeasy-modifications-overlay.yaml
            registry:
                location: registry.speakeasyapi.dev/latitude/latitude/latitudesh-oas
        api-docs:
            inputs:
                - location: https://api.latitude.sh/api-docs/v3/swagger.json
    targets:
        latitudesh:
            target: go
            source: Latitudesh-OAS
            codeSamples:
                registry:
                    location: registry.speakeasyapi.dev/latitude/latitude/latitudesh-oas-go-code-samples
                labelOverride:
                    fixedValue: Go (SDK)
                blocking: false
